
Microsoft Visual Studio Solution File, Format Version 12.00
# Visual Studio Version 16
VisualStudioVersion = 16.0.30114.105
MinimumVisualStudioVersion = 10.0.40219.1
Project("{2150E333-8FDC-42A3-9474-1A3956D46DE8}") = "src", "src", "{43D4D7A7-313D-426B-8678-36907D439037}"
EndProject
Project("{FAE04EC0-301F-11D3-BF4B-00C04F79EFBC}") = "AppStack", "src\App.Stack\AppStack.csproj", "{701C2EB0-FCC9-40DA-A0D7-C56254AFDE7B}"
EndProject
Project("{2150E333-8FDC-42A3-9474-1A3956D46DE8}") = "Server", "Server", "{5411EFA6-3022-48C2-AE20-21547DC263D0}"
EndProject
Project("{2150E333-8FDC-42A3-9474-1A3956D46DE8}") = "App.Api", "App.Api", "{404826D9-F400-4F94-94EC-E463EA5F3A63}"
EndProject
Project("{FAE04EC0-301F-11D3-BF4B-00C04F79EFBC}") = "CreateAccount", "src\Server\App.Api\CreateAccount\CreateAccount.csproj", "{5FCFF805-571E-4498-9D5A-9AD177C0ECC9}"
EndProject
Project("{FAE04EC0-301F-11D3-BF4B-00C04F79EFBC}") = "CreateEvent", "src\Server\App.Api\CreateEvent\CreateEvent.csproj", "{533AA615-0008-4CD7-B18A-8A421B894C02}"
EndProject
Project("{FAE04EC0-301F-11D3-BF4B-00C04F79EFBC}") = "DeleteEvent", "src\Server\App.Api\DeleteEvent\DeleteEvent.csproj", "{1446E711-32C5-467F-BF6F-C37CB235C7CC}"
EndProject
Project("{FAE04EC0-301F-11D3-BF4B-00C04F79EFBC}") = "ListEvents", "src\Server\App.Api\ListEvents\ListEvents.csproj", "{E4025DCE-4567-4A38-9C57-1A94CCDDC116}"
EndProject
Project("{FAE04EC0-301F-11D3-BF4B-00C04F79EFBC}") = "App.Login", "src\Server\App.Login\App.Login.csproj", "{7DE96EBC-8A1E-40BD-9258-6D0B0AC6C120}"
EndProject
Project("{2150E333-8FDC-42A3-9474-1A3956D46DE8}") = "Helpers", "Helpers", "{3AE8FC4F-A3E8-4F9B-AE28-71AEEC1D1CD9}"
EndProject
Project("{FAE04EC0-301F-11D3-BF4B-00C04F79EFBC}") = "App.Login.EnsureInitialized", "src\Server\Helpers\App.Login.EnsureInitialized\App.Login.EnsureInitialized.csproj", "{D3E830CB-82B8-4481-9D65-B2051F555B01}"
EndProject
Project("{FAE04EC0-301F-11D3-BF4B-00C04F79EFBC}") = "App.Login.GenerateCertificates", "src\Server\Helpers\App.Login.GenerateCertificates\App.Login.GenerateCertificates.csproj", "{2D4EF949-CEF9-4204-9F84-F74C386D1E76}"
EndProject
Project("{FAE04EC0-301F-11D3-BF4B-00C04F79EFBC}") = "Shared", "src\Server\Shared\Shared.csproj", "{CECCD26D-AF9D-4655-ACB8-F04541033BDE}"
EndProject
Project("{2150E333-8FDC-42A3-9474-1A3956D46DE8}") = "test", "test", "{BBF8AF62-CF83-4305-B9B0-B0CF08FF4CF1}"
EndProject
Project("{2150E333-8FDC-42A3-9474-1A3956D46DE8}") = "Server", "Server", "{A99BAD98-FE1D-413E-AE58-E309E49F1355}"
EndProject
Project("{2150E333-8FDC-42A3-9474-1A3956D46DE8}") = "App.Api", "App.Api", "{370D6CC7-2264-4C93-ABB3-A9707BD27959}"
EndProject
Project("{FAE04EC0-301F-11D3-BF4B-00C04F79EFBC}") = "CreateAccountTests", "test\Server\App.Api\CreateAccountTests\CreateAccountTests.csproj", "{DF8138AC-1B58-4CD1-B981-66644BDC27EF}"
EndProject
Project("{FAE04EC0-301F-11D3-BF4B-00C04F79EFBC}") = "CreateEventTests", "test\Server\App.Api\CreateEventTests\CreateEventTests.csproj", "{0B2F592A-0CB1-4D6A-9134-421EE5BC45EA}"
EndProject
Project("{FAE04EC0-301F-11D3-BF4B-00C04F79EFBC}") = "DeleteEventTests", "test\Server\App.Api\DeleteEventTests\DeleteEventTests.csproj", "{3B669264-00DD-412E-8ED3-B5EE70B0AFDC}"
EndProject
Project("{FAE04EC0-301F-11D3-BF4B-00C04F79EFBC}") = "ListEventsTests", "test\Server\App.Api\ListEventsTests\ListEventsTests.csproj", "{76498FF8-9055-45B4-984C-0CA8DD172B83}"
EndProject
Project("{FAE04EC0-301F-11D3-BF4B-00C04F79EFBC}") = "App.Login.Tests", "test\Server\App.Login.Tests\App.Login.Tests.csproj", "{E0FE5CA3-F0E5-4514-9174-E128706F65CF}"
EndProject
Project("{FAE04EC0-301F-11D3-BF4B-00C04F79EFBC}") = "TestBase", "test\Server\TestBase\TestBase.csproj", "{B4AB0523-951A-4842-9202-E6BD594F35A7}"
EndProject
Global
	GlobalSection(SolutionConfigurationPlatforms) = preSolution
		Debug|Any CPU = Debug|Any CPU
		Release|Any CPU = Release|Any CPU
	EndGlobalSection
	GlobalSection(SolutionProperties) = preSolution
		HideSolutionNode = FALSE
	EndGlobalSection
	GlobalSection(ProjectConfigurationPlatforms) = postSolution
		{701C2EB0-FCC9-40DA-A0D7-C56254AFDE7B}.Debug|Any CPU.ActiveCfg = Debug|Any CPU
		{701C2EB0-FCC9-40DA-A0D7-C56254AFDE7B}.Debug|Any CPU.Build.0 = Debug|Any CPU
		{701C2EB0-FCC9-40DA-A0D7-C56254AFDE7B}.Release|Any CPU.ActiveCfg = Release|Any CPU
		{701C2EB0-FCC9-40DA-A0D7-C56254AFDE7B}.Release|Any CPU.Build.0 = Release|Any CPU
		{5FCFF805-571E-4498-9D5A-9AD177C0ECC9}.Debug|Any CPU.ActiveCfg = Debug|Any CPU
		{5FCFF805-571E-4498-9D5A-9AD177C0ECC9}.Debug|Any CPU.Build.0 = Debug|Any CPU
		{5FCFF805-571E-4498-9D5A-9AD177C0ECC9}.Release|Any CPU.ActiveCfg = Release|Any CPU
		{5FCFF805-571E-4498-9D5A-9AD177C0ECC9}.Release|Any CPU.Build.0 = Release|Any CPU
		{533AA615-0008-4CD7-B18A-8A421B894C02}.Debug|Any CPU.ActiveCfg = Debug|Any CPU
		{533AA615-0008-4CD7-B18A-8A421B894C02}.Debug|Any CPU.Build.0 = Debug|Any CPU
		{533AA615-0008-4CD7-B18A-8A421B894C02}.Release|Any CPU.ActiveCfg = Release|Any CPU
		{533AA615-0008-4CD7-B18A-8A421B894C02}.Release|Any CPU.Build.0 = Release|Any CPU
		{1446E711-32C5-467F-BF6F-C37CB235C7CC}.Debug|Any CPU.ActiveCfg = Debug|Any CPU
		{1446E711-32C5-467F-BF6F-C37CB235C7CC}.Debug|Any CPU.Build.0 = Debug|Any CPU
		{1446E711-32C5-467F-BF6F-C37CB235C7CC}.Release|Any CPU.ActiveCfg = Release|Any CPU
		{1446E711-32C5-467F-BF6F-C37CB235C7CC}.Release|Any CPU.Build.0 = Release|Any CPU
		{E4025DCE-4567-4A38-9C57-1A94CCDDC116}.Debug|Any CPU.ActiveCfg = Debug|Any CPU
		{E4025DCE-4567-4A38-9C57-1A94CCDDC116}.Debug|Any CPU.Build.0 = Debug|Any CPU
		{E4025DCE-4567-4A38-9C57-1A94CCDDC116}.Release|Any CPU.ActiveCfg = Release|Any CPU
		{E4025DCE-4567-4A38-9C57-1A94CCDDC116}.Release|Any CPU.Build.0 = Release|Any CPU
		{7DE96EBC-8A1E-40BD-9258-6D0B0AC6C120}.Debug|Any CPU.ActiveCfg = Debug|Any CPU
		{7DE96EBC-8A1E-40BD-9258-6D0B0AC6C120}.Debug|Any CPU.Build.0 = Debug|Any CPU
		{7DE96EBC-8A1E-40BD-9258-6D0B0AC6C120}.Release|Any CPU.ActiveCfg = Release|Any CPU
		{7DE96EBC-8A1E-40BD-9258-6D0B0AC6C120}.Release|Any CPU.Build.0 = Release|Any CPU
		{D3E830CB-82B8-4481-9D65-B2051F555B01}.Debug|Any CPU.ActiveCfg = Debug|Any CPU
		{D3E830CB-82B8-4481-9D65-B2051F555B01}.Debug|Any CPU.Build.0 = Debug|Any CPU
		{D3E830CB-82B8-4481-9D65-B2051F555B01}.Release|Any CPU.ActiveCfg = Release|Any CPU
		{D3E830CB-82B8-4481-9D65-B2051F555B01}.Release|Any CPU.Build.0 = Release|Any CPU
		{2D4EF949-CEF9-4204-9F84-F74C386D1E76}.Debug|Any CPU.ActiveCfg = Debug|Any CPU
		{2D4EF949-CEF9-4204-9F84-F74C386D1E76}.Debug|Any CPU.Build.0 = Debug|Any CPU
		{2D4EF949-CEF9-4204-9F84-F74C386D1E76}.Release|Any CPU.ActiveCfg = Release|Any CPU
		{2D4EF949-CEF9-4204-9F84-F74C386D1E76}.Release|Any CPU.Build.0 = Release|Any CPU
		{CECCD26D-AF9D-4655-ACB8-F04541033BDE}.Debug|Any CPU.ActiveCfg = Debug|Any CPU
		{CECCD26D-AF9D-4655-ACB8-F04541033BDE}.Debug|Any CPU.Build.0 = Debug|Any CPU
		{CECCD26D-AF9D-4655-ACB8-F04541033BDE}.Release|Any CPU.ActiveCfg = Release|Any CPU
		{CECCD26D-AF9D-4655-ACB8-F04541033BDE}.Release|Any CPU.Build.0 = Release|Any CPU
		{DF8138AC-1B58-4CD1-B981-66644BDC27EF}.Debug|Any CPU.ActiveCfg = Debug|Any CPU
		{DF8138AC-1B58-4CD1-B981-66644BDC27EF}.Debug|Any CPU.Build.0 = Debug|Any CPU
		{DF8138AC-1B58-4CD1-B981-66644BDC27EF}.Release|Any CPU.ActiveCfg = Release|Any CPU
		{DF8138AC-1B58-4CD1-B981-66644BDC27EF}.Release|Any CPU.Build.0 = Release|Any CPU
		{0B2F592A-0CB1-4D6A-9134-421EE5BC45EA}.Debug|Any CPU.ActiveCfg = Debug|Any CPU
		{0B2F592A-0CB1-4D6A-9134-421EE5BC45EA}.Debug|Any CPU.Build.0 = Debug|Any CPU
		{0B2F592A-0CB1-4D6A-9134-421EE5BC45EA}.Release|Any CPU.ActiveCfg = Release|Any CPU
		{0B2F592A-0CB1-4D6A-9134-421EE5BC45EA}.Release|Any CPU.Build.0 = Release|Any CPU
		{3B669264-00DD-412E-8ED3-B5EE70B0AFDC}.Debug|Any CPU.ActiveCfg = Debug|Any CPU
		{3B669264-00DD-412E-8ED3-B5EE70B0AFDC}.Debug|Any CPU.Build.0 = Debug|Any CPU
		{3B669264-00DD-412E-8ED3-B5EE70B0AFDC}.Release|Any CPU.ActiveCfg = Release|Any CPU
		{3B669264-00DD-412E-8ED3-B5EE70B0AFDC}.Release|Any CPU.Build.0 = Release|Any CPU
		{76498FF8-9055-45B4-984C-0CA8DD172B83}.Debug|Any CPU.ActiveCfg = Debug|Any CPU
		{76498FF8-9055-45B4-984C-0CA8DD172B83}.Debug|Any CPU.Build.0 = Debug|Any CPU
		{76498FF8-9055-45B4-984C-0CA8DD172B83}.Release|Any CPU.ActiveCfg = Release|Any CPU
		{76498FF8-9055-45B4-984C-0CA8DD172B83}.Release|Any CPU.Build.0 = Release|Any CPU
		{E0FE5CA3-F0E5-4514-9174-E128706F65CF}.Debug|Any CPU.ActiveCfg = Debug|Any CPU
		{E0FE5CA3-F0E5-4514-9174-E128706F65CF}.Debug|Any CPU.Build.0 = Debug|Any CPU
		{E0FE5CA3-F0E5-4514-9174-E128706F65CF}.Release|Any CPU.ActiveCfg = Release|Any CPU
		{E0FE5CA3-F0E5-4514-9174-E128706F65CF}.Release|Any CPU.Build.0 = Release|Any CPU
		{B4AB0523-951A-4842-9202-E6BD594F35A7}.Debug|Any CPU.ActiveCfg = Debug|Any CPU
		{B4AB0523-951A-4842-9202-E6BD594F35A7}.Debug|Any CPU.Build.0 = Debug|Any CPU
		{B4AB0523-951A-4842-9202-E6BD594F35A7}.Release|Any CPU.ActiveCfg = Release|Any CPU
		{B4AB0523-951A-4842-9202-E6BD594F35A7}.Release|Any CPU.Build.0 = Release|Any CPU
	EndGlobalSection
	GlobalSection(NestedProjects) = preSolution
		{701C2EB0-FCC9-40DA-A0D7-C56254AFDE7B} = {43D4D7A7-313D-426B-8678-36907D439037}
		{5411EFA6-3022-48C2-AE20-21547DC263D0} = {43D4D7A7-313D-426B-8678-36907D439037}
		{404826D9-F400-4F94-94EC-E463EA5F3A63} = {5411EFA6-3022-48C2-AE20-21547DC263D0}
		{5FCFF805-571E-4498-9D5A-9AD177C0ECC9} = {404826D9-F400-4F94-94EC-E463EA5F3A63}
		{533AA615-0008-4CD7-B18A-8A421B894C02} = {404826D9-F400-4F94-94EC-E463EA5F3A63}
		{1446E711-32C5-467F-BF6F-C37CB235C7CC} = {404826D9-F400-4F94-94EC-E463EA5F3A63}
		{E4025DCE-4567-4A38-9C57-1A94CCDDC116} = {404826D9-F400-4F94-94EC-E463EA5F3A63}
		{7DE96EBC-8A1E-40BD-9258-6D0B0AC6C120} = {5411EFA6-3022-48C2-AE20-21547DC263D0}
		{3AE8FC4F-A3E8-4F9B-AE28-71AEEC1D1CD9} = {5411EFA6-3022-48C2-AE20-21547DC263D0}
		{D3E830CB-82B8-4481-9D65-B2051F555B01} = {3AE8FC4F-A3E8-4F9B-AE28-71AEEC1D1CD9}
		{2D4EF949-CEF9-4204-9F84-F74C386D1E76} = {3AE8FC4F-A3E8-4F9B-AE28-71AEEC1D1CD9}
		{CECCD26D-AF9D-4655-ACB8-F04541033BDE} = {5411EFA6-3022-48C2-AE20-21547DC263D0}
		{A99BAD98-FE1D-413E-AE58-E309E49F1355} = {BBF8AF62-CF83-4305-B9B0-B0CF08FF4CF1}
		{370D6CC7-2264-4C93-ABB3-A9707BD27959} = {A99BAD98-FE1D-413E-AE58-E309E49F1355}
		{DF8138AC-1B58-4CD1-B981-66644BDC27EF} = {370D6CC7-2264-4C93-ABB3-A9707BD27959}
		{0B2F592A-0CB1-4D6A-9134-421EE5BC45EA} = {370D6CC7-2264-4C93-ABB3-A9707BD27959}
		{3B669264-00DD-412E-8ED3-B5EE70B0AFDC} = {370D6CC7-2264-4C93-ABB3-A9707BD27959}
		{76498FF8-9055-45B4-984C-0CA8DD172B83} = {370D6CC7-2264-4C93-ABB3-A9707BD27959}
		{E0FE5CA3-F0E5-4514-9174-E128706F65CF} = {A99BAD98-FE1D-413E-AE58-E309E49F1355}
		{B4AB0523-951A-4842-9202-E6BD594F35A7} = {A99BAD98-FE1D-413E-AE58-E309E49F1355}
	EndGlobalSection
EndGlobal
