
Microsoft Visual Studio Solution File, Format Version 12.00
# Visual Studio Version 17
VisualStudioVersion = 17.0.31903.59
MinimumVisualStudioVersion = 10.0.40219.1
Project("{2150E333-8FDC-42A3-9474-1A3956D46DE8}") = "src", "src", "{0B802D78-5EDA-444F-9C9E-BA6EEA17E3FC}"
EndProject
Project("{2150E333-8FDC-42A3-9474-1A3956D46DE8}") = "App.Api", "App.Api", "{AE640D57-62E6-4313-A3E1-0AF6D7375B60}"
EndProject
Project("{FAE04EC0-301F-11D3-BF4B-00C04F79EFBC}") = "CreateEvent", "src\App.Api\CreateEvent\CreateEvent.csproj", "{675E41C6-9DDA-44C5-B346-11550960474C}"
EndProject
Project("{FAE04EC0-301F-11D3-BF4B-00C04F79EFBC}") = "Shared", "src\Shared\Shared.csproj", "{3879CF0E-F5E9-410E-9BB7-0577203E4371}"
EndProject
Project("{FAE04EC0-301F-11D3-BF4B-00C04F79EFBC}") = "AppStack", "src\App.Stack\AppStack.csproj", "{5A754163-B356-45EB-A702-F1ADA6066A22}"
EndProject
Global
	GlobalSection(SolutionConfigurationPlatforms) = preSolution
		Debug|Any CPU = Debug|Any CPU
		Release|Any CPU = Release|Any CPU
	EndGlobalSection
	GlobalSection(SolutionProperties) = preSolution
		HideSolutionNode = FALSE
	EndGlobalSection
	GlobalSection(ProjectConfigurationPlatforms) = postSolution
		{675E41C6-9DDA-44C5-B346-11550960474C}.Debug|Any CPU.ActiveCfg = Debug|Any CPU
		{675E41C6-9DDA-44C5-B346-11550960474C}.Debug|Any CPU.Build.0 = Debug|Any CPU
		{675E41C6-9DDA-44C5-B346-11550960474C}.Release|Any CPU.ActiveCfg = Release|Any CPU
		{675E41C6-9DDA-44C5-B346-11550960474C}.Release|Any CPU.Build.0 = Release|Any CPU
		{3879CF0E-F5E9-410E-9BB7-0577203E4371}.Debug|Any CPU.ActiveCfg = Debug|Any CPU
		{3879CF0E-F5E9-410E-9BB7-0577203E4371}.Debug|Any CPU.Build.0 = Debug|Any CPU
		{3879CF0E-F5E9-410E-9BB7-0577203E4371}.Release|Any CPU.ActiveCfg = Release|Any CPU
		{3879CF0E-F5E9-410E-9BB7-0577203E4371}.Release|Any CPU.Build.0 = Release|Any CPU
		{5A754163-B356-45EB-A702-F1ADA6066A22}.Debug|Any CPU.ActiveCfg = Debug|Any CPU
		{5A754163-B356-45EB-A702-F1ADA6066A22}.Debug|Any CPU.Build.0 = Debug|Any CPU
		{5A754163-B356-45EB-A702-F1ADA6066A22}.Release|Any CPU.ActiveCfg = Release|Any CPU
		{5A754163-B356-45EB-A702-F1ADA6066A22}.Release|Any CPU.Build.0 = Release|Any CPU
	EndGlobalSection
	GlobalSection(NestedProjects) = preSolution
		{AE640D57-62E6-4313-A3E1-0AF6D7375B60} = {0B802D78-5EDA-444F-9C9E-BA6EEA17E3FC}
		{675E41C6-9DDA-44C5-B346-11550960474C} = {AE640D57-62E6-4313-A3E1-0AF6D7375B60}
		{3879CF0E-F5E9-410E-9BB7-0577203E4371} = {AE640D57-62E6-4313-A3E1-0AF6D7375B60}
		{5A754163-B356-45EB-A702-F1ADA6066A22} = {0B802D78-5EDA-444F-9C9E-BA6EEA17E3FC}
	EndGlobalSection
EndGlobal
